
Microsoft Visual Studio Solution File, Format Version 12.00
# Visual Studio 15
VisualStudioVersion = 15.0.27428.2037
MinimumVisualStudioVersion = 10.0.40219.1
Project("{FAE04EC0-301F-11D3-BF4B-00C04F79EFBC}") = "FS.OA", "FS.OA\FS.OA.csproj", "{0DEA146C-25CF-4413-A1D4-9A29613AE32B}"
EndProject
Project("{FAE04EC0-301F-11D3-BF4B-00C04F79EFBC}") = "Entity", "Entity\Entity.csproj", "{C0407D02-8645-4F0D-B16E-492D847EB923}"
EndProject
Project("{FAE04EC0-301F-11D3-BF4B-00C04F79EFBC}") = "DataAccessLaywer", "DataAccessLaywer\DataAccessLaywer.csproj", "{4087C3C1-C1A8-4A9D-A8EC-7B2A8F779A46}"
EndProject
Project("{FAE04EC0-301F-11D3-BF4B-00C04F79EFBC}") = "IDataAccessLaywer", "IDataAccessLaywer\IDataAccessLaywer.csproj", "{F67609E7-1C77-4B9E-8547-004109AC7FEB}"
EndProject
Project("{FAE04EC0-301F-11D3-BF4B-00C04F79EFBC}") = "BusinessLogicLaywer", "BusinessLogicLaywer\BusinessLogicLaywer.csproj", "{DE4D19CC-EE70-4885-8674-473A894CFB5F}"
EndProject
Project("{FAE04EC0-301F-11D3-BF4B-00C04F79EFBC}") = "IBusinessLogicLaywer", "IBusinessLogicLaywer\IBusinessLogicLaywer.csproj", "{0E1D9420-C970-4D2B-AAEA-51A259357460}"
EndProject
Project("{FAE04EC0-301F-11D3-BF4B-00C04F79EFBC}") = "Common", "Common\Common.csproj", "{C9E1EBB4-BAFF-4E8C-97CC-F43F7F66B07B}"
EndProject
Global
	GlobalSection(SolutionConfigurationPlatforms) = preSolution
		Debug|Any CPU = Debug|Any CPU
		Debug|ARM = Debug|ARM
		Debug|x64 = Debug|x64
		Debug|x86 = Debug|x86
		Release|Any CPU = Release|Any CPU
		Release|ARM = Release|ARM
		Release|x64 = Release|x64
		Release|x86 = Release|x86
	EndGlobalSection
	GlobalSection(ProjectConfigurationPlatforms) = postSolution
		{0DEA146C-25CF-4413-A1D4-9A29613AE32B}.Debug|Any CPU.ActiveCfg = Debug|Any CPU
		{0DEA146C-25CF-4413-A1D4-9A29613AE32B}.Debug|Any CPU.Build.0 = Debug|Any CPU
		{0DEA146C-25CF-4413-A1D4-9A29613AE32B}.Debug|ARM.ActiveCfg = Debug|Any CPU
		{0DEA146C-25CF-4413-A1D4-9A29613AE32B}.Debug|ARM.Build.0 = Debug|Any CPU
		{0DEA146C-25CF-4413-A1D4-9A29613AE32B}.Debug|x64.ActiveCfg = Debug|Any CPU
		{0DEA146C-25CF-4413-A1D4-9A29613AE32B}.Debug|x64.Build.0 = Debug|Any CPU
		{0DEA146C-25CF-4413-A1D4-9A29613AE32B}.Debug|x86.ActiveCfg = Debug|Any CPU
		{0DEA146C-25CF-4413-A1D4-9A29613AE32B}.Debug|x86.Build.0 = Debug|Any CPU
		{0DEA146C-25CF-4413-A1D4-9A29613AE32B}.Release|Any CPU.ActiveCfg = Release|Any CPU
		{0DEA146C-25CF-4413-A1D4-9A29613AE32B}.Release|Any CPU.Build.0 = Release|Any CPU
		{0DEA146C-25CF-4413-A1D4-9A29613AE32B}.Release|ARM.ActiveCfg = Release|Any CPU
		{0DEA146C-25CF-4413-A1D4-9A29613AE32B}.Release|ARM.Build.0 = Release|Any CPU
		{0DEA146C-25CF-4413-A1D4-9A29613AE32B}.Release|x64.ActiveCfg = Release|Any CPU
		{0DEA146C-25CF-4413-A1D4-9A29613AE32B}.Release|x64.Build.0 = Release|Any CPU
		{0DEA146C-25CF-4413-A1D4-9A29613AE32B}.Release|x86.ActiveCfg = Release|Any CPU
		{0DEA146C-25CF-4413-A1D4-9A29613AE32B}.Release|x86.Build.0 = Release|Any CPU
		{C0407D02-8645-4F0D-B16E-492D847EB923}.Debug|Any CPU.ActiveCfg = Debug|Any CPU
		{C0407D02-8645-4F0D-B16E-492D847EB923}.Debug|Any CPU.Build.0 = Debug|Any CPU
		{C0407D02-8645-4F0D-B16E-492D847EB923}.Debug|ARM.ActiveCfg = Debug|Any CPU
		{C0407D02-8645-4F0D-B16E-492D847EB923}.Debug|ARM.Build.0 = Debug|Any CPU
		{C0407D02-8645-4F0D-B16E-492D847EB923}.Debug|x64.ActiveCfg = Debug|Any CPU
		{C0407D02-8645-4F0D-B16E-492D847EB923}.Debug|x64.Build.0 = Debug|Any CPU
		{C0407D02-8645-4F0D-B16E-492D847EB923}.Debug|x86.ActiveCfg = Debug|Any CPU
		{C0407D02-8645-4F0D-B16E-492D847EB923}.Debug|x86.Build.0 = Debug|Any CPU
		{C0407D02-8645-4F0D-B16E-492D847EB923}.Release|Any CPU.ActiveCfg = Release|Any CPU
		{C0407D02-8645-4F0D-B16E-492D847EB923}.Release|Any CPU.Build.0 = Release|Any CPU
		{C0407D02-8645-4F0D-B16E-492D847EB923}.Release|ARM.ActiveCfg = Release|Any CPU
		{C0407D02-8645-4F0D-B16E-492D847EB923}.Release|ARM.Build.0 = Release|Any CPU
		{C0407D02-8645-4F0D-B16E-492D847EB923}.Release|x64.ActiveCfg = Release|Any CPU
		{C0407D02-8645-4F0D-B16E-492D847EB923}.Release|x64.Build.0 = Release|Any CPU
		{C0407D02-8645-4F0D-B16E-492D847EB923}.Release|x86.ActiveCfg = Release|Any CPU
		{C0407D02-8645-4F0D-B16E-492D847EB923}.Release|x86.Build.0 = Release|Any CPU
		{4087C3C1-C1A8-4A9D-A8EC-7B2A8F779A46}.Debug|Any CPU.ActiveCfg = Debug|Any CPU
		{4087C3C1-C1A8-4A9D-A8EC-7B2A8F779A46}.Debug|Any CPU.Build.0 = Debug|Any CPU
		{4087C3C1-C1A8-4A9D-A8EC-7B2A8F779A46}.Debug|ARM.ActiveCfg = Debug|Any CPU
		{4087C3C1-C1A8-4A9D-A8EC-7B2A8F779A46}.Debug|ARM.Build.0 = Debug|Any CPU
		{4087C3C1-C1A8-4A9D-A8EC-7B2A8F779A46}.Debug|x64.ActiveCfg = Debug|Any CPU
		{4087C3C1-C1A8-4A9D-A8EC-7B2A8F779A46}.Debug|x64.Build.0 = Debug|Any CPU
		{4087C3C1-C1A8-4A9D-A8EC-7B2A8F779A46}.Debug|x86.ActiveCfg = Debug|Any CPU
		{4087C3C1-C1A8-4A9D-A8EC-7B2A8F779A46}.Debug|x86.Build.0 = Debug|Any CPU
		{4087C3C1-C1A8-4A9D-A8EC-7B2A8F779A46}.Release|Any CPU.ActiveCfg = Release|Any CPU
		{4087C3C1-C1A8-4A9D-A8EC-7B2A8F779A46}.Release|Any CPU.Build.0 = Release|Any CPU
		{4087C3C1-C1A8-4A9D-A8EC-7B2A8F779A46}.Release|ARM.ActiveCfg = Release|Any CPU
		{4087C3C1-C1A8-4A9D-A8EC-7B2A8F779A46}.Release|ARM.Build.0 = Release|Any CPU
		{4087C3C1-C1A8-4A9D-A8EC-7B2A8F779A46}.Release|x64.ActiveCfg = Release|Any CPU
		{4087C3C1-C1A8-4A9D-A8EC-7B2A8F779A46}.Release|x64.Build.0 = Release|Any CPU
		{4087C3C1-C1A8-4A9D-A8EC-7B2A8F779A46}.Release|x86.ActiveCfg = Release|Any CPU
		{4087C3C1-C1A8-4A9D-A8EC-7B2A8F779A46}.Release|x86.Build.0 = Release|Any CPU
		{F67609E7-1C77-4B9E-8547-004109AC7FEB}.Debug|Any CPU.ActiveCfg = Debug|Any CPU
		{F67609E7-1C77-4B9E-8547-004109AC7FEB}.Debug|Any CPU.Build.0 = Debug|Any CPU
		{F67609E7-1C77-4B9E-8547-004109AC7FEB}.Debug|ARM.ActiveCfg = Debug|Any CPU
		{F67609E7-1C77-4B9E-8547-004109AC7FEB}.Debug|ARM.Build.0 = Debug|Any CPU
		{F67609E7-1C77-4B9E-8547-004109AC7FEB}.Debug|x64.ActiveCfg = Debug|Any CPU
		{F67609E7-1C77-4B9E-8547-004109AC7FEB}.Debug|x64.Build.0 = Debug|Any CPU
		{F67609E7-1C77-4B9E-8547-004109AC7FEB}.Debug|x86.ActiveCfg = Debug|Any CPU
		{F67609E7-1C77-4B9E-8547-004109AC7FEB}.Debug|x86.Build.0 = Debug|Any CPU
		{F67609E7-1C77-4B9E-8547-004109AC7FEB}.Release|Any CPU.ActiveCfg = Release|Any CPU
		{F67609E7-1C77-4B9E-8547-004109AC7FEB}.Release|Any CPU.Build.0 = Release|Any CPU
		{F67609E7-1C77-4B9E-8547-004109AC7FEB}.Release|ARM.ActiveCfg = Release|Any CPU
		{F67609E7-1C77-4B9E-8547-004109AC7FEB}.Release|ARM.Build.0 = Release|Any CPU
		{F67609E7-1C77-4B9E-8547-004109AC7FEB}.Release|x64.ActiveCfg = Release|Any CPU
		{F67609E7-1C77-4B9E-8547-004109AC7FEB}.Release|x64.Build.0 = Release|Any CPU
		{F67609E7-1C77-4B9E-8547-004109AC7FEB}.Release|x86.ActiveCfg = Release|Any CPU
		{F67609E7-1C77-4B9E-8547-004109AC7FEB}.Release|x86.Build.0 = Release|Any CPU
		{DE4D19CC-EE70-4885-8674-473A894CFB5F}.Debug|Any CPU.ActiveCfg = Debug|Any CPU
		{DE4D19CC-EE70-4885-8674-473A894CFB5F}.Debug|Any CPU.Build.0 = Debug|Any CPU
		{DE4D19CC-EE70-4885-8674-473A894CFB5F}.Debug|ARM.ActiveCfg = Debug|Any CPU
		{DE4D19CC-EE70-4885-8674-473A894CFB5F}.Debug|ARM.Build.0 = Debug|Any CPU
		{DE4D19CC-EE70-4885-8674-473A894CFB5F}.Debug|x64.ActiveCfg = Debug|Any CPU
		{DE4D19CC-EE70-4885-8674-473A894CFB5F}.Debug|x64.Build.0 = Debug|Any CPU
		{DE4D19CC-EE70-4885-8674-473A894CFB5F}.Debug|x86.ActiveCfg = Debug|Any CPU
		{DE4D19CC-EE70-4885-8674-473A894CFB5F}.Debug|x86.Build.0 = Debug|Any CPU
		{DE4D19CC-EE70-4885-8674-473A894CFB5F}.Release|Any CPU.ActiveCfg = Release|Any CPU
		{DE4D19CC-EE70-4885-8674-473A894CFB5F}.Release|Any CPU.Build.0 = Release|Any CPU
		{DE4D19CC-EE70-4885-8674-473A894CFB5F}.Release|ARM.ActiveCfg = Release|Any CPU
		{DE4D19CC-EE70-4885-8674-473A894CFB5F}.Release|ARM.Build.0 = Release|Any CPU
		{DE4D19CC-EE70-4885-8674-473A894CFB5F}.Release|x64.ActiveCfg = Release|Any CPU
		{DE4D19CC-EE70-4885-8674-473A894CFB5F}.Release|x64.Build.0 = Release|Any CPU
		{DE4D19CC-EE70-4885-8674-473A894CFB5F}.Release|x86.ActiveCfg = Release|Any CPU
		{DE4D19CC-EE70-4885-8674-473A894CFB5F}.Release|x86.Build.0 = Release|Any CPU
		{0E1D9420-C970-4D2B-AAEA-51A259357460}.Debug|Any CPU.ActiveCfg = Debug|Any CPU
		{0E1D9420-C970-4D2B-AAEA-51A259357460}.Debug|Any CPU.Build.0 = Debug|Any CPU
		{0E1D9420-C970-4D2B-AAEA-51A259357460}.Debug|ARM.ActiveCfg = Debug|Any CPU
		{0E1D9420-C970-4D2B-AAEA-51A259357460}.Debug|ARM.Build.0 = Debug|Any CPU
		{0E1D9420-C970-4D2B-AAEA-51A259357460}.Debug|x64.ActiveCfg = Debug|Any CPU
		{0E1D9420-C970-4D2B-AAEA-51A259357460}.Debug|x64.Build.0 = Debug|Any CPU
		{0E1D9420-C970-4D2B-AAEA-51A259357460}.Debug|x86.ActiveCfg = Debug|Any CPU
		{0E1D9420-C970-4D2B-AAEA-51A259357460}.Debug|x86.Build.0 = Debug|Any CPU
		{0E1D9420-C970-4D2B-AAEA-51A259357460}.Release|Any CPU.ActiveCfg = Release|Any CPU
		{0E1D9420-C970-4D2B-AAEA-51A259357460}.Release|Any CPU.Build.0 = Release|Any CPU
		{0E1D9420-C970-4D2B-AAEA-51A259357460}.Release|ARM.ActiveCfg = Release|Any CPU
		{0E1D9420-C970-4D2B-AAEA-51A259357460}.Release|ARM.Build.0 = Release|Any CPU
		{0E1D9420-C970-4D2B-AAEA-51A259357460}.Release|x64.ActiveCfg = Release|Any CPU
		{0E1D9420-C970-4D2B-AAEA-51A259357460}.Release|x64.Build.0 = Release|Any CPU
		{0E1D9420-C970-4D2B-AAEA-51A259357460}.Release|x86.ActiveCfg = Release|Any CPU
		{0E1D9420-C970-4D2B-AAEA-51A259357460}.Release|x86.Build.0 = Release|Any CPU
		{C9E1EBB4-BAFF-4E8C-97CC-F43F7F66B07B}.Debug|Any CPU.ActiveCfg = Debug|Any CPU
		{C9E1EBB4-BAFF-4E8C-97CC-F43F7F66B07B}.Debug|Any CPU.Build.0 = Debug|Any CPU
		{C9E1EBB4-BAFF-4E8C-97CC-F43F7F66B07B}.Debug|ARM.ActiveCfg = Debug|Any CPU
		{C9E1EBB4-BAFF-4E8C-97CC-F43F7F66B07B}.Debug|ARM.Build.0 = Debug|Any CPU
		{C9E1EBB4-BAFF-4E8C-97CC-F43F7F66B07B}.Debug|x64.ActiveCfg = Debug|Any CPU
		{C9E1EBB4-BAFF-4E8C-97CC-F43F7F66B07B}.Debug|x64.Build.0 = Debug|Any CPU
		{C9E1EBB4-BAFF-4E8C-97CC-F43F7F66B07B}.Debug|x86.ActiveCfg = Debug|Any CPU
		{C9E1EBB4-BAFF-4E8C-97CC-F43F7F66B07B}.Debug|x86.Build.0 = Debug|Any CPU
		{C9E1EBB4-BAFF-4E8C-97CC-F43F7F66B07B}.Release|Any CPU.ActiveCfg = Release|Any CPU
		{C9E1EBB4-BAFF-4E8C-97CC-F43F7F66B07B}.Release|Any CPU.Build.0 = Release|Any CPU
		{C9E1EBB4-BAFF-4E8C-97CC-F43F7F66B07B}.Release|ARM.ActiveCfg = Release|Any CPU
		{C9E1EBB4-BAFF-4E8C-97CC-F43F7F66B07B}.Release|ARM.Build.0 = Release|Any CPU
		{C9E1EBB4-BAFF-4E8C-97CC-F43F7F66B07B}.Release|x64.ActiveCfg = Release|Any CPU
		{C9E1EBB4-BAFF-4E8C-97CC-F43F7F66B07B}.Release|x64.Build.0 = Release|Any CPU
		{C9E1EBB4-BAFF-4E8C-97CC-F43F7F66B07B}.Release|x86.ActiveCfg = Release|Any CPU
		{C9E1EBB4-BAFF-4E8C-97CC-F43F7F66B07B}.Release|x86.Build.0 = Release|Any CPU
	EndGlobalSection
	GlobalSection(SolutionProperties) = preSolution
		HideSolutionNode = FALSE
	EndGlobalSection
	GlobalSection(ExtensibilityGlobals) = postSolution
		SolutionGuid = {2BCB0D63-8FB3-49FD-87EF-9B39F89E0E26}
	EndGlobalSection
EndGlobal
